
Microsoft Visual Studio Solution File, Format Version 12.00
# Visual Studio 15
VisualStudioVersion = 15.0.26430.6
MinimumVisualStudioVersion = 10.0.40219.1
Project("{2150E333-8FDC-42A3-9474-1A3956D46DE8}") = "src", "src", "{53D4501E-953C-4A7C-97C4-1F9DE04BD092}"
EndProject
Project("{2150E333-8FDC-42A3-9474-1A3956D46DE8}") = "tests", "tests", "{C7885592-A4B8-4BA8-8D3A-1EDA4025D17A}"
EndProject
Project("{2150E333-8FDC-42A3-9474-1A3956D46DE8}") = "demo", "demo", "{B2783441-6760-4018-B87E-9F5180C0FAD8}"
EndProject
Project("{FAE04EC0-301F-11D3-BF4B-00C04F79EFBC}") = "DemoBlog.Mvc", "demo\DemoBlog.Mvc\DemoBlog.Mvc.csproj", "{3A60CB72-4B1F-44E6-9B63-A51589CADE01}"
EndProject
Project("{FAE04EC0-301F-11D3-BF4B-00C04F79EFBC}") = "DemoBlog", "demo\DemoBlog.Application\DemoBlog.csproj", "{786BE0E2-9DB0-44EF-AA96-51770FDE35DB}"
EndProject
Project("{FAE04EC0-301F-11D3-BF4B-00C04F79EFBC}") = "Backend.Fx", "src\Backend.Fx\Backend.Fx.csproj", "{0BBA42D0-0ED7-4AA6-A665-1FBBAF913306}"
EndProject
Project("{FAE04EC0-301F-11D3-BF4B-00C04F79EFBC}") = "Backend.Fx.NLogLogging", "src\Backend.Fx.NLogLogging\Backend.Fx.NLogLogging.csproj", "{80F4951E-56E4-442F-96BC-53EB9BE70928}"
EndProject
Project("{FAE04EC0-301F-11D3-BF4B-00C04F79EFBC}") = "Backend.Fx.Bootstrapping", "src\Backend.Fx.Bootstrapping\Backend.Fx.Bootstrapping.csproj", "{4B32B982-EB4B-42F4-969A-9D2D8EA23451}"
EndProject
Project("{FAE04EC0-301F-11D3-BF4B-00C04F79EFBC}") = "Backend.Fx.EfCorePersistence", "src\Backend.Fx.EfCorePersistence\Backend.Fx.EfCorePersistence.csproj", "{16D81037-F0D0-4647-BA4E-CA5518F6846D}"
EndProject
Project("{FAE04EC0-301F-11D3-BF4B-00C04F79EFBC}") = "Backend.Fx.AspNetCore", "src\Backend.Fx.AspNetCore\Backend.Fx.AspNetCore.csproj", "{25883CDD-CF76-4DCB-AF9F-69C33BD043A4}"
EndProject
Project("{2150E333-8FDC-42A3-9474-1A3956D46DE8}") = "Solution Items", "Solution Items", "{6B64354E-D95B-4711-BAF6-B32049C90CD9}"
	ProjectSection(SolutionItems) = preProject
		.gitignore = .gitignore
	EndProjectSection
EndProject
Project("{FAE04EC0-301F-11D3-BF4B-00C04F79EFBC}") = "Backend.Fx.Tests", "tests\Backend.Fx.Tests\Backend.Fx.Tests.csproj", "{3706F748-43F6-41BD-8875-81FA679220C7}"
EndProject
Global
	GlobalSection(SolutionConfigurationPlatforms) = preSolution
		Debug|Any CPU = Debug|Any CPU
		Release|Any CPU = Release|Any CPU
	EndGlobalSection
	GlobalSection(ProjectConfigurationPlatforms) = postSolution
		{3A60CB72-4B1F-44E6-9B63-A51589CADE01}.Debug|Any CPU.ActiveCfg = Debug|Any CPU
		{3A60CB72-4B1F-44E6-9B63-A51589CADE01}.Debug|Any CPU.Build.0 = Debug|Any CPU
		{3A60CB72-4B1F-44E6-9B63-A51589CADE01}.Release|Any CPU.ActiveCfg = Release|Any CPU
		{3A60CB72-4B1F-44E6-9B63-A51589CADE01}.Release|Any CPU.Build.0 = Release|Any CPU
		{786BE0E2-9DB0-44EF-AA96-51770FDE35DB}.Debug|Any CPU.ActiveCfg = Debug|Any CPU
		{786BE0E2-9DB0-44EF-AA96-51770FDE35DB}.Debug|Any CPU.Build.0 = Debug|Any CPU
		{786BE0E2-9DB0-44EF-AA96-51770FDE35DB}.Release|Any CPU.ActiveCfg = Release|Any CPU
		{786BE0E2-9DB0-44EF-AA96-51770FDE35DB}.Release|Any CPU.Build.0 = Release|Any CPU
		{0BBA42D0-0ED7-4AA6-A665-1FBBAF913306}.Debug|Any CPU.ActiveCfg = Debug|Any CPU
		{0BBA42D0-0ED7-4AA6-A665-1FBBAF913306}.Debug|Any CPU.Build.0 = Debug|Any CPU
		{0BBA42D0-0ED7-4AA6-A665-1FBBAF913306}.Release|Any CPU.ActiveCfg = Release|Any CPU
		{0BBA42D0-0ED7-4AA6-A665-1FBBAF913306}.Release|Any CPU.Build.0 = Release|Any CPU
		{80F4951E-56E4-442F-96BC-53EB9BE70928}.Debug|Any CPU.ActiveCfg = Debug|Any CPU
		{80F4951E-56E4-442F-96BC-53EB9BE70928}.Debug|Any CPU.Build.0 = Debug|Any CPU
		{80F4951E-56E4-442F-96BC-53EB9BE70928}.Release|Any CPU.ActiveCfg = Release|Any CPU
		{80F4951E-56E4-442F-96BC-53EB9BE70928}.Release|Any CPU.Build.0 = Release|Any CPU
		{4B32B982-EB4B-42F4-969A-9D2D8EA23451}.Debug|Any CPU.ActiveCfg = Debug|Any CPU
		{4B32B982-EB4B-42F4-969A-9D2D8EA23451}.Debug|Any CPU.Build.0 = Debug|Any CPU
		{4B32B982-EB4B-42F4-969A-9D2D8EA23451}.Release|Any CPU.ActiveCfg = Release|Any CPU
		{4B32B982-EB4B-42F4-969A-9D2D8EA23451}.Release|Any CPU.Build.0 = Release|Any CPU
		{16D81037-F0D0-4647-BA4E-CA5518F6846D}.Debug|Any CPU.ActiveCfg = Debug|Any CPU
		{16D81037-F0D0-4647-BA4E-CA5518F6846D}.Debug|Any CPU.Build.0 = Debug|Any CPU
		{16D81037-F0D0-4647-BA4E-CA5518F6846D}.Release|Any CPU.ActiveCfg = Release|Any CPU
		{16D81037-F0D0-4647-BA4E-CA5518F6846D}.Release|Any CPU.Build.0 = Release|Any CPU
		{25883CDD-CF76-4DCB-AF9F-69C33BD043A4}.Debug|Any CPU.ActiveCfg = Debug|Any CPU
		{25883CDD-CF76-4DCB-AF9F-69C33BD043A4}.Debug|Any CPU.Build.0 = Debug|Any CPU
		{25883CDD-CF76-4DCB-AF9F-69C33BD043A4}.Release|Any CPU.ActiveCfg = Release|Any CPU
		{25883CDD-CF76-4DCB-AF9F-69C33BD043A4}.Release|Any CPU.Build.0 = Release|Any CPU
		{3706F748-43F6-41BD-8875-81FA679220C7}.Debug|Any CPU.ActiveCfg = Debug|Any CPU
		{3706F748-43F6-41BD-8875-81FA679220C7}.Debug|Any CPU.Build.0 = Debug|Any CPU
		{3706F748-43F6-41BD-8875-81FA679220C7}.Release|Any CPU.ActiveCfg = Release|Any CPU
		{3706F748-43F6-41BD-8875-81FA679220C7}.Release|Any CPU.Build.0 = Release|Any CPU
	EndGlobalSection
	GlobalSection(SolutionProperties) = preSolution
		HideSolutionNode = FALSE
	EndGlobalSection
	GlobalSection(NestedProjects) = preSolution
		{3A60CB72-4B1F-44E6-9B63-A51589CADE01} = {B2783441-6760-4018-B87E-9F5180C0FAD8}
		{786BE0E2-9DB0-44EF-AA96-51770FDE35DB} = {B2783441-6760-4018-B87E-9F5180C0FAD8}
		{0BBA42D0-0ED7-4AA6-A665-1FBBAF913306} = {53D4501E-953C-4A7C-97C4-1F9DE04BD092}
		{80F4951E-56E4-442F-96BC-53EB9BE70928} = {53D4501E-953C-4A7C-97C4-1F9DE04BD092}
		{4B32B982-EB4B-42F4-969A-9D2D8EA23451} = {53D4501E-953C-4A7C-97C4-1F9DE04BD092}
		{16D81037-F0D0-4647-BA4E-CA5518F6846D} = {53D4501E-953C-4A7C-97C4-1F9DE04BD092}
		{25883CDD-CF76-4DCB-AF9F-69C33BD043A4} = {53D4501E-953C-4A7C-97C4-1F9DE04BD092}
		{3706F748-43F6-41BD-8875-81FA679220C7} = {C7885592-A4B8-4BA8-8D3A-1EDA4025D17A}
	EndGlobalSection
EndGlobal
