
Microsoft Visual Studio Solution File, Format Version 12.00
# Visual Studio 15
VisualStudioVersion = 15.0.26730.12
MinimumVisualStudioVersion = 10.0.40219.1
Project("{2150E333-8FDC-42A3-9474-1A3956D46DE8}") = "Solution Items", "Solution Items", "{6B64354E-D95B-4711-BAF6-B32049C90CD9}"
	ProjectSection(SolutionItems) = preProject
		.gitignore = .gitignore
		README.md = README.md
	EndProjectSection
EndProject
Project("{2150E333-8FDC-42A3-9474-1A3956D46DE8}") = "src", "src", "{53D4501E-953C-4A7C-97C4-1F9DE04BD092}"
EndProject
Project("{2150E333-8FDC-42A3-9474-1A3956D46DE8}") = "tests", "tests", "{C7885592-A4B8-4BA8-8D3A-1EDA4025D17A}"
EndProject
Project("{9A19103F-16F7-4668-BE54-9A1E7A4F7556}") = "Backend.Fx.Tests", "tests\Backend.Fx.Tests\Backend.Fx.Tests.csproj", "{3706F748-43F6-41BD-8875-81FA679220C7}"
EndProject
Project("{9A19103F-16F7-4668-BE54-9A1E7A4F7556}") = "Backend.Fx.EfCorePersistence.Tests", "tests\Backend.Fx.EfCorePersistence.Tests\Backend.Fx.EfCorePersistence.Tests.csproj", "{4BB72B85-61F2-4C7F-9079-EA43492FCD44}"
EndProject
Project("{2150E333-8FDC-42A3-9474-1A3956D46DE8}") = "abstractions", "abstractions", "{A742F814-725A-44ED-95E6-98E142738E9D}"
EndProject
Project("{2150E333-8FDC-42A3-9474-1A3956D46DE8}") = "environments", "environments", "{56ACAE69-F7F0-4FF2-BEE6-4B079481CF9A}"
EndProject
Project("{2150E333-8FDC-42A3-9474-1A3956D46DE8}") = "implementations", "implementations", "{739A7296-579F-4D9A-BC73-DCECD260D7A0}"
EndProject
Project("{9A19103F-16F7-4668-BE54-9A1E7A4F7556}") = "Backend.Fx", "src\abstractions\Backend.Fx\Backend.Fx.csproj", "{581DCC00-9246-4A2E-AE31-206742B2746A}"
EndProject
Project("{9A19103F-16F7-4668-BE54-9A1E7A4F7556}") = "Backend.Fx.EfCorePersistence", "src\implementations\Backend.Fx.EfCorePersistence\Backend.Fx.EfCorePersistence.csproj", "{A60B7952-D92C-403D-9710-65BE13963C7E}"
EndProject
Project("{9A19103F-16F7-4668-BE54-9A1E7A4F7556}") = "Backend.Fx.NLogLogging", "src\implementations\Backend.Fx.NLogLogging\Backend.Fx.NLogLogging.csproj", "{6F13D33A-37FC-4287-9436-1F6E67CBDD06}"
EndProject
Project("{9A19103F-16F7-4668-BE54-9A1E7A4F7556}") = "Backend.Fx.RabbitMq", "src\implementations\Backend.Fx.RabbitMq\Backend.Fx.RabbitMq.csproj", "{2C826FC0-443A-4874-B213-C35BFDEA200A}"
EndProject
Project("{9A19103F-16F7-4668-BE54-9A1E7A4F7556}") = "Backend.Fx.SimpleInjectorDependencyInjection", "src\implementations\Backend.Fx.SimpleInjetorDependencyInjection\Backend.Fx.SimpleInjectorDependencyInjection.csproj", "{FF042FB5-BA44-4655-8903-2644FE549810}"
EndProject
Project("{9A19103F-16F7-4668-BE54-9A1E7A4F7556}") = "Backend.Fx.AspNetCore", "src\environments\Backend.Fx.AspNetCore\Backend.Fx.AspNetCore.csproj", "{25746028-5116-4600-A0C4-35DE0C468A8F}"
EndProject
Project("{9A19103F-16F7-4668-BE54-9A1E7A4F7556}") = "Backend.Fx.SimpleInjectorDependencyInjection.Tests", "tests\Backend.Fx.SimpleInjectorDependencyInjection.Tests\Backend.Fx.SimpleInjectorDependencyInjection.Tests.csproj", "{D98AED23-ABB8-4130-9612-54AEFE9D2272}"
EndProject
Project("{9A19103F-16F7-4668-BE54-9A1E7A4F7556}") = "Backend.Fx.NetCore", "src\environments\Backend.Fx.NetCore\Backend.Fx.NetCore.csproj", "{45EC5987-1C85-4940-8E5E-3B4F0FA90AF8}"
EndProject
Project("{9A19103F-16F7-4668-BE54-9A1E7A4F7556}") = "Backend.Fx.InMemoryPersistence", "src\implementations\Backend.Fx.InMemoryPersistence\Backend.Fx.InMemoryPersistence.csproj", "{0B8F13CA-1347-4655-9D41-AED21B1AFAC4}"
EndProject
Project("{9A19103F-16F7-4668-BE54-9A1E7A4F7556}") = "Backend.Fx.Log4NetLogging", "src\implementations\Backend.Fx.Log4NetLogging\Backend.Fx.Log4NetLogging.csproj", "{C27BA4CE-882B-405F-906E-4DFA6E9F1216}"
EndProject
Project("{FAE04EC0-301F-11D3-BF4B-00C04F79EFBC}") = "Backend.Fx.RabbitMq.Tests", "tests\Backend.Fx.RabbitMq.Tests\Backend.Fx.RabbitMq.Tests.csproj", "{6D0A5E9D-2FA5-4CC9-96B0-C2C871335E3A}"
EndProject
Project("{FAE04EC0-301F-11D3-BF4B-00C04F79EFBC}") = "Backend.Fx.SerilogLogging", "src\implementations\Backend.Fx.SerilogLogging\Backend.Fx.SerilogLogging.csproj", "{33F7D896-2276-4DD7-A4DA-8FD5C47F7735}"
EndProject
Project("{FAE04EC0-301F-11D3-BF4B-00C04F79EFBC}") = "Backend.Fx.AspNetCore.Tests", "tests\Backend.Fx.AspNetCore.Tests\Backend.Fx.AspNetCore.Tests.csproj", "{DF40E1E8-FB19-455E-9CED-212C544AA8BC}"
EndProject
Project("{2150E333-8FDC-42A3-9474-1A3956D46DE8}") = ".github", ".github", "{16EBBF6D-EA66-4E14-BE2D-1900CBC747F7}"
EndProject
Project("{2150E333-8FDC-42A3-9474-1A3956D46DE8}") = "workflows", "workflows", "{FD21EC43-FC48-433A-8C4F-5CCFC1A2B35E}"
ProjectSection(SolutionItems) = preProject
	.github\workflows\ci.yaml = .github\workflows\ci.yaml
EndProjectSection
EndProject
Project("{2150E333-8FDC-42A3-9474-1A3956D46DE8}") = "persistence", "persistence", "{ADC35CAD-F5B1-42B6-A0CC-B96974C11F11}"
EndProject
Project("{2150E333-8FDC-42A3-9474-1A3956D46DE8}") = "logging", "logging", "{71A095A4-E8FC-4895-84AD-F2E91AFE0629}"
EndProject
Project("{2150E333-8FDC-42A3-9474-1A3956D46DE8}") = "messagebus", "messagebus", "{8BC1C02F-0785-4161-BC37-7D462BD6F42D}"
EndProject
Project("{2150E333-8FDC-42A3-9474-1A3956D46DE8}") = "dependencyinjection", "dependencyinjection", "{22E4DE95-C3E5-49E6-83BF-BF30905A746B}"
EndProject
Global
	GlobalSection(SolutionConfigurationPlatforms) = preSolution
		Debug|Any CPU = Debug|Any CPU
		Release|Any CPU = Release|Any CPU
	EndGlobalSection
	GlobalSection(ProjectConfigurationPlatforms) = postSolution
		{DFD5E4B8-2479-4D29-9857-9199B94E412A}.Debug|Any CPU.ActiveCfg = Debug|Any CPU
		{DFD5E4B8-2479-4D29-9857-9199B94E412A}.Release|Any CPU.ActiveCfg = Release|Any CPU
		{DFD5E4B8-2479-4D29-9857-9199B94E412A}.Debug|Any CPU.Build.0 = Debug|Any CPU
		{3706F748-43F6-41BD-8875-81FA679220C7}.Debug|Any CPU.ActiveCfg = Debug|Any CPU
		{3706F748-43F6-41BD-8875-81FA679220C7}.Debug|Any CPU.Build.0 = Debug|Any CPU
		{3706F748-43F6-41BD-8875-81FA679220C7}.Release|Any CPU.ActiveCfg = Release|Any CPU
		{3706F748-43F6-41BD-8875-81FA679220C7}.Release|Any CPU.Build.0 = Release|Any CPU
		{4BB72B85-61F2-4C7F-9079-EA43492FCD44}.Debug|Any CPU.ActiveCfg = Debug|Any CPU
		{4BB72B85-61F2-4C7F-9079-EA43492FCD44}.Debug|Any CPU.Build.0 = Debug|Any CPU
		{4BB72B85-61F2-4C7F-9079-EA43492FCD44}.Release|Any CPU.ActiveCfg = Release|Any CPU
		{4BB72B85-61F2-4C7F-9079-EA43492FCD44}.Release|Any CPU.Build.0 = Release|Any CPU
		{581DCC00-9246-4A2E-AE31-206742B2746A}.Debug|Any CPU.ActiveCfg = Debug|Any CPU
		{581DCC00-9246-4A2E-AE31-206742B2746A}.Debug|Any CPU.Build.0 = Debug|Any CPU
		{581DCC00-9246-4A2E-AE31-206742B2746A}.Release|Any CPU.ActiveCfg = Release|Any CPU
		{581DCC00-9246-4A2E-AE31-206742B2746A}.Release|Any CPU.Build.0 = Release|Any CPU
		{A60B7952-D92C-403D-9710-65BE13963C7E}.Debug|Any CPU.ActiveCfg = Debug|Any CPU
		{A60B7952-D92C-403D-9710-65BE13963C7E}.Debug|Any CPU.Build.0 = Debug|Any CPU
		{A60B7952-D92C-403D-9710-65BE13963C7E}.Release|Any CPU.ActiveCfg = Release|Any CPU
		{A60B7952-D92C-403D-9710-65BE13963C7E}.Release|Any CPU.Build.0 = Release|Any CPU
		{6F13D33A-37FC-4287-9436-1F6E67CBDD06}.Debug|Any CPU.ActiveCfg = Debug|Any CPU
		{6F13D33A-37FC-4287-9436-1F6E67CBDD06}.Debug|Any CPU.Build.0 = Debug|Any CPU
		{6F13D33A-37FC-4287-9436-1F6E67CBDD06}.Release|Any CPU.ActiveCfg = Release|Any CPU
		{6F13D33A-37FC-4287-9436-1F6E67CBDD06}.Release|Any CPU.Build.0 = Release|Any CPU
		{2C826FC0-443A-4874-B213-C35BFDEA200A}.Debug|Any CPU.ActiveCfg = Debug|Any CPU
		{2C826FC0-443A-4874-B213-C35BFDEA200A}.Debug|Any CPU.Build.0 = Debug|Any CPU
		{2C826FC0-443A-4874-B213-C35BFDEA200A}.Release|Any CPU.ActiveCfg = Release|Any CPU
		{2C826FC0-443A-4874-B213-C35BFDEA200A}.Release|Any CPU.Build.0 = Release|Any CPU
		{FF042FB5-BA44-4655-8903-2644FE549810}.Debug|Any CPU.ActiveCfg = Debug|Any CPU
		{FF042FB5-BA44-4655-8903-2644FE549810}.Debug|Any CPU.Build.0 = Debug|Any CPU
		{FF042FB5-BA44-4655-8903-2644FE549810}.Release|Any CPU.ActiveCfg = Release|Any CPU
		{FF042FB5-BA44-4655-8903-2644FE549810}.Release|Any CPU.Build.0 = Release|Any CPU
		{25746028-5116-4600-A0C4-35DE0C468A8F}.Debug|Any CPU.ActiveCfg = Debug|Any CPU
		{25746028-5116-4600-A0C4-35DE0C468A8F}.Debug|Any CPU.Build.0 = Debug|Any CPU
		{25746028-5116-4600-A0C4-35DE0C468A8F}.Release|Any CPU.ActiveCfg = Release|Any CPU
		{25746028-5116-4600-A0C4-35DE0C468A8F}.Release|Any CPU.Build.0 = Release|Any CPU
		{D98AED23-ABB8-4130-9612-54AEFE9D2272}.Debug|Any CPU.ActiveCfg = Debug|Any CPU
		{D98AED23-ABB8-4130-9612-54AEFE9D2272}.Debug|Any CPU.Build.0 = Debug|Any CPU
		{D98AED23-ABB8-4130-9612-54AEFE9D2272}.Release|Any CPU.ActiveCfg = Release|Any CPU
		{D98AED23-ABB8-4130-9612-54AEFE9D2272}.Release|Any CPU.Build.0 = Release|Any CPU
		{45EC5987-1C85-4940-8E5E-3B4F0FA90AF8}.Debug|Any CPU.ActiveCfg = Debug|Any CPU
		{45EC5987-1C85-4940-8E5E-3B4F0FA90AF8}.Debug|Any CPU.Build.0 = Debug|Any CPU
		{45EC5987-1C85-4940-8E5E-3B4F0FA90AF8}.Release|Any CPU.ActiveCfg = Release|Any CPU
		{45EC5987-1C85-4940-8E5E-3B4F0FA90AF8}.Release|Any CPU.Build.0 = Release|Any CPU
		{0B8F13CA-1347-4655-9D41-AED21B1AFAC4}.Debug|Any CPU.ActiveCfg = Debug|Any CPU
		{0B8F13CA-1347-4655-9D41-AED21B1AFAC4}.Debug|Any CPU.Build.0 = Debug|Any CPU
		{0B8F13CA-1347-4655-9D41-AED21B1AFAC4}.Release|Any CPU.ActiveCfg = Release|Any CPU
		{0B8F13CA-1347-4655-9D41-AED21B1AFAC4}.Release|Any CPU.Build.0 = Release|Any CPU
		{C27BA4CE-882B-405F-906E-4DFA6E9F1216}.Debug|Any CPU.ActiveCfg = Debug|Any CPU
		{C27BA4CE-882B-405F-906E-4DFA6E9F1216}.Debug|Any CPU.Build.0 = Debug|Any CPU
		{C27BA4CE-882B-405F-906E-4DFA6E9F1216}.Release|Any CPU.ActiveCfg = Release|Any CPU
		{C27BA4CE-882B-405F-906E-4DFA6E9F1216}.Release|Any CPU.Build.0 = Release|Any CPU
		{6D0A5E9D-2FA5-4CC9-96B0-C2C871335E3A}.Debug|Any CPU.ActiveCfg = Debug|Any CPU
		{6D0A5E9D-2FA5-4CC9-96B0-C2C871335E3A}.Debug|Any CPU.Build.0 = Debug|Any CPU
		{6D0A5E9D-2FA5-4CC9-96B0-C2C871335E3A}.Release|Any CPU.ActiveCfg = Release|Any CPU
		{6D0A5E9D-2FA5-4CC9-96B0-C2C871335E3A}.Release|Any CPU.Build.0 = Release|Any CPU
		{33F7D896-2276-4DD7-A4DA-8FD5C47F7735}.Debug|Any CPU.ActiveCfg = Debug|Any CPU
		{33F7D896-2276-4DD7-A4DA-8FD5C47F7735}.Debug|Any CPU.Build.0 = Debug|Any CPU
		{33F7D896-2276-4DD7-A4DA-8FD5C47F7735}.Release|Any CPU.ActiveCfg = Release|Any CPU
		{33F7D896-2276-4DD7-A4DA-8FD5C47F7735}.Release|Any CPU.Build.0 = Release|Any CPU
		{DF40E1E8-FB19-455E-9CED-212C544AA8BC}.Debug|Any CPU.ActiveCfg = Debug|Any CPU
		{DF40E1E8-FB19-455E-9CED-212C544AA8BC}.Debug|Any CPU.Build.0 = Debug|Any CPU
		{DF40E1E8-FB19-455E-9CED-212C544AA8BC}.Release|Any CPU.ActiveCfg = Release|Any CPU
		{DF40E1E8-FB19-455E-9CED-212C544AA8BC}.Release|Any CPU.Build.0 = Release|Any CPU
	EndGlobalSection
	GlobalSection(SolutionProperties) = preSolution
		HideSolutionNode = FALSE
	EndGlobalSection
	GlobalSection(NestedProjects) = preSolution
		{3706F748-43F6-41BD-8875-81FA679220C7} = {C7885592-A4B8-4BA8-8D3A-1EDA4025D17A}
		{4BB72B85-61F2-4C7F-9079-EA43492FCD44} = {C7885592-A4B8-4BA8-8D3A-1EDA4025D17A}
		{A742F814-725A-44ED-95E6-98E142738E9D} = {53D4501E-953C-4A7C-97C4-1F9DE04BD092}
		{56ACAE69-F7F0-4FF2-BEE6-4B079481CF9A} = {53D4501E-953C-4A7C-97C4-1F9DE04BD092}
		{739A7296-579F-4D9A-BC73-DCECD260D7A0} = {53D4501E-953C-4A7C-97C4-1F9DE04BD092}
		{581DCC00-9246-4A2E-AE31-206742B2746A} = {A742F814-725A-44ED-95E6-98E142738E9D}
		{25746028-5116-4600-A0C4-35DE0C468A8F} = {56ACAE69-F7F0-4FF2-BEE6-4B079481CF9A}
		{D98AED23-ABB8-4130-9612-54AEFE9D2272} = {C7885592-A4B8-4BA8-8D3A-1EDA4025D17A}
		{45EC5987-1C85-4940-8E5E-3B4F0FA90AF8} = {56ACAE69-F7F0-4FF2-BEE6-4B079481CF9A}
		{6D0A5E9D-2FA5-4CC9-96B0-C2C871335E3A} = {C7885592-A4B8-4BA8-8D3A-1EDA4025D17A}
		{DF40E1E8-FB19-455E-9CED-212C544AA8BC} = {C7885592-A4B8-4BA8-8D3A-1EDA4025D17A}
		{16EBBF6D-EA66-4E14-BE2D-1900CBC747F7} = {6B64354E-D95B-4711-BAF6-B32049C90CD9}
		{FD21EC43-FC48-433A-8C4F-5CCFC1A2B35E} = {16EBBF6D-EA66-4E14-BE2D-1900CBC747F7}
		{ADC35CAD-F5B1-42B6-A0CC-B96974C11F11} = {739A7296-579F-4D9A-BC73-DCECD260D7A0}
		{A60B7952-D92C-403D-9710-65BE13963C7E} = {ADC35CAD-F5B1-42B6-A0CC-B96974C11F11}
		{0B8F13CA-1347-4655-9D41-AED21B1AFAC4} = {ADC35CAD-F5B1-42B6-A0CC-B96974C11F11}
		{71A095A4-E8FC-4895-84AD-F2E91AFE0629} = {739A7296-579F-4D9A-BC73-DCECD260D7A0}
		{C27BA4CE-882B-405F-906E-4DFA6E9F1216} = {71A095A4-E8FC-4895-84AD-F2E91AFE0629}
		{6F13D33A-37FC-4287-9436-1F6E67CBDD06} = {71A095A4-E8FC-4895-84AD-F2E91AFE0629}
		{33F7D896-2276-4DD7-A4DA-8FD5C47F7735} = {71A095A4-E8FC-4895-84AD-F2E91AFE0629}
		{8BC1C02F-0785-4161-BC37-7D462BD6F42D} = {739A7296-579F-4D9A-BC73-DCECD260D7A0}
		{2C826FC0-443A-4874-B213-C35BFDEA200A} = {8BC1C02F-0785-4161-BC37-7D462BD6F42D}
		{22E4DE95-C3E5-49E6-83BF-BF30905A746B} = {739A7296-579F-4D9A-BC73-DCECD260D7A0}
		{FF042FB5-BA44-4655-8903-2644FE549810} = {22E4DE95-C3E5-49E6-83BF-BF30905A746B}
	EndGlobalSection
	GlobalSection(ExtensibilityGlobals) = postSolution
		SolutionGuid = {45648557-C751-44AD-9C87-0F12EB673969}
	EndGlobalSection
EndGlobal
