
Microsoft Visual Studio Solution File, Format Version 12.00
# Visual Studio 15
VisualStudioVersion = 15.0.26430.13
MinimumVisualStudioVersion = 10.0.40219.1
Project("{2150E333-8FDC-42A3-9474-1A3956D46DE8}") = "src", "src", "{53D4501E-953C-4A7C-97C4-1F9DE04BD092}"
EndProject
Project("{2150E333-8FDC-42A3-9474-1A3956D46DE8}") = "tests", "tests", "{C7885592-A4B8-4BA8-8D3A-1EDA4025D17A}"
EndProject
Project("{2150E333-8FDC-42A3-9474-1A3956D46DE8}") = "demo", "demo", "{B2783441-6760-4018-B87E-9F5180C0FAD8}"
EndProject
Project("{9A19103F-16F7-4668-BE54-9A1E7A4F7556}") = "DemoBlog.Mvc", "demo\DemoBlog.Mvc\DemoBlog.Mvc.csproj", "{3A60CB72-4B1F-44E6-9B63-A51589CADE01}"
EndProject
Project("{9A19103F-16F7-4668-BE54-9A1E7A4F7556}") = "DemoBlog", "demo\DemoBlog.Application\DemoBlog.csproj", "{786BE0E2-9DB0-44EF-AA96-51770FDE35DB}"
EndProject
Project("{9A19103F-16F7-4668-BE54-9A1E7A4F7556}") = "Backend.Fx", "src\Backend.Fx\Backend.Fx.csproj", "{0BBA42D0-0ED7-4AA6-A665-1FBBAF913306}"
EndProject
Project("{9A19103F-16F7-4668-BE54-9A1E7A4F7556}") = "Backend.Fx.NLogLogging", "src\Backend.Fx.NLogLogging\Backend.Fx.NLogLogging.csproj", "{80F4951E-56E4-442F-96BC-53EB9BE70928}"
EndProject
Project("{9A19103F-16F7-4668-BE54-9A1E7A4F7556}") = "Backend.Fx.SimpleInjectorDependencyInjection", "src\Backend.Fx.Bootstrapping\Backend.Fx.SimpleInjectorDependencyInjection.csproj", "{4B32B982-EB4B-42F4-969A-9D2D8EA23451}"
EndProject
Project("{9A19103F-16F7-4668-BE54-9A1E7A4F7556}") = "Backend.Fx.EfCorePersistence", "src\Backend.Fx.EfCorePersistence\Backend.Fx.EfCorePersistence.csproj", "{16D81037-F0D0-4647-BA4E-CA5518F6846D}"
EndProject
Project("{2150E333-8FDC-42A3-9474-1A3956D46DE8}") = "Solution Items", "Solution Items", "{6B64354E-D95B-4711-BAF6-B32049C90CD9}"
	ProjectSection(SolutionItems) = preProject
		.gitignore = .gitignore
	EndProjectSection
EndProject
Project("{9A19103F-16F7-4668-BE54-9A1E7A4F7556}") = "Backend.Fx.Tests", "tests\Backend.Fx.Tests\Backend.Fx.Tests.csproj", "{3706F748-43F6-41BD-8875-81FA679220C7}"
EndProject
Project("{9A19103F-16F7-4668-BE54-9A1E7A4F7556}") = "Backend.Fx.SimpleInjectorDependencyInjection.Tests", "tests\Backend.Fx.Bootstrapping.Tests\Backend.Fx.SimpleInjectorDependencyInjection.Tests.csproj", "{C348AD1C-E928-4B11-8A88-EFCA70667B1D}"
EndProject
Project("{9A19103F-16F7-4668-BE54-9A1E7A4F7556}") = "Backend.Fx.EfCorePersistence.Tests", "tests\Backend.Fx.EfCorePersistence.Tests\Backend.Fx.EfCorePersistence.Tests.csproj", "{764846E9-8133-4CF3-894D-E75F55D58C88}"
EndProject
Project("{9A19103F-16F7-4668-BE54-9A1E7A4F7556}") = "Backend.Fx.Testing", "src\Backend.Fx.Testing\Backend.Fx.Testing.csproj", "{0C9D99AE-D0E9-4EB7-9D44-BB05C4DF322D}"
EndProject
Project("{9A19103F-16F7-4668-BE54-9A1E7A4F7556}") = "Backend.Fx.RabbitMq", "src\Backend.Fx.RabbitMq\Backend.Fx.RabbitMq.csproj", "{AE43EDA9-52F3-493A-AA14-F10B61B5D6E9}"
EndProject
Project("{9A19103F-16F7-4668-BE54-9A1E7A4F7556}") = "Backend.Fx.AspNetCore", "src\Backend.Fx.AspNetCore\Backend.Fx.AspNetCore.csproj", "{11A6283B-88E5-41D9-8177-D84BE0FC3E67}"
EndProject
Project("{2150E333-8FDC-42A3-9474-1A3956D46DE8}") = "implementations", "implementations", "{8525685E-8A1E-417B-96E0-46F4179B8AAA}"
EndProject
Project("{2150E333-8FDC-42A3-9474-1A3956D46DE8}") = "environments", "environments", "{C69B52F5-D857-4FF8-BCDE-D54F3D320CCA}"
EndProject
Project("{FAE04EC0-301F-11D3-BF4B-00C04F79EFBC}") = "Backend.Fx.AspNetCore.Mvc", "src\Backend.Fx.AspNetCore.Mvc\Backend.Fx.AspNetCore.Mvc.csproj", "{7CE22D3C-A2D4-4493-9B29-0822AD23DB9A}"
EndProject
Project("{2150E333-8FDC-42A3-9474-1A3956D46DE8}") = "abstractions", "abstractions", "{7352BC02-DF5F-4F94-BE01-00AD92A346F0}"
EndProject
Global
	GlobalSection(SolutionConfigurationPlatforms) = preSolution
		Debug|Any CPU = Debug|Any CPU
		Release|Any CPU = Release|Any CPU
	EndGlobalSection
	GlobalSection(ProjectConfigurationPlatforms) = postSolution
		{3A60CB72-4B1F-44E6-9B63-A51589CADE01}.Debug|Any CPU.ActiveCfg = Debug|Any CPU
		{3A60CB72-4B1F-44E6-9B63-A51589CADE01}.Debug|Any CPU.Build.0 = Debug|Any CPU
		{3A60CB72-4B1F-44E6-9B63-A51589CADE01}.Release|Any CPU.ActiveCfg = Release|Any CPU
		{3A60CB72-4B1F-44E6-9B63-A51589CADE01}.Release|Any CPU.Build.0 = Release|Any CPU
		{786BE0E2-9DB0-44EF-AA96-51770FDE35DB}.Debug|Any CPU.ActiveCfg = Debug|Any CPU
		{786BE0E2-9DB0-44EF-AA96-51770FDE35DB}.Debug|Any CPU.Build.0 = Debug|Any CPU
		{786BE0E2-9DB0-44EF-AA96-51770FDE35DB}.Release|Any CPU.ActiveCfg = Release|Any CPU
		{786BE0E2-9DB0-44EF-AA96-51770FDE35DB}.Release|Any CPU.Build.0 = Release|Any CPU
		{0BBA42D0-0ED7-4AA6-A665-1FBBAF913306}.Debug|Any CPU.ActiveCfg = Debug|Any CPU
		{0BBA42D0-0ED7-4AA6-A665-1FBBAF913306}.Debug|Any CPU.Build.0 = Debug|Any CPU
		{0BBA42D0-0ED7-4AA6-A665-1FBBAF913306}.Release|Any CPU.ActiveCfg = Release|Any CPU
		{0BBA42D0-0ED7-4AA6-A665-1FBBAF913306}.Release|Any CPU.Build.0 = Release|Any CPU
		{80F4951E-56E4-442F-96BC-53EB9BE70928}.Debug|Any CPU.ActiveCfg = Debug|Any CPU
		{80F4951E-56E4-442F-96BC-53EB9BE70928}.Debug|Any CPU.Build.0 = Debug|Any CPU
		{80F4951E-56E4-442F-96BC-53EB9BE70928}.Release|Any CPU.ActiveCfg = Release|Any CPU
		{80F4951E-56E4-442F-96BC-53EB9BE70928}.Release|Any CPU.Build.0 = Release|Any CPU
		{4B32B982-EB4B-42F4-969A-9D2D8EA23451}.Debug|Any CPU.ActiveCfg = Debug|Any CPU
		{4B32B982-EB4B-42F4-969A-9D2D8EA23451}.Debug|Any CPU.Build.0 = Debug|Any CPU
		{4B32B982-EB4B-42F4-969A-9D2D8EA23451}.Release|Any CPU.ActiveCfg = Release|Any CPU
		{4B32B982-EB4B-42F4-969A-9D2D8EA23451}.Release|Any CPU.Build.0 = Release|Any CPU
		{16D81037-F0D0-4647-BA4E-CA5518F6846D}.Debug|Any CPU.ActiveCfg = Debug|Any CPU
		{16D81037-F0D0-4647-BA4E-CA5518F6846D}.Debug|Any CPU.Build.0 = Debug|Any CPU
		{16D81037-F0D0-4647-BA4E-CA5518F6846D}.Release|Any CPU.ActiveCfg = Release|Any CPU
		{16D81037-F0D0-4647-BA4E-CA5518F6846D}.Release|Any CPU.Build.0 = Release|Any CPU
		{3706F748-43F6-41BD-8875-81FA679220C7}.Debug|Any CPU.ActiveCfg = Debug|Any CPU
		{3706F748-43F6-41BD-8875-81FA679220C7}.Debug|Any CPU.Build.0 = Debug|Any CPU
		{3706F748-43F6-41BD-8875-81FA679220C7}.Release|Any CPU.ActiveCfg = Release|Any CPU
		{3706F748-43F6-41BD-8875-81FA679220C7}.Release|Any CPU.Build.0 = Release|Any CPU
		{C348AD1C-E928-4B11-8A88-EFCA70667B1D}.Debug|Any CPU.ActiveCfg = Debug|Any CPU
		{C348AD1C-E928-4B11-8A88-EFCA70667B1D}.Debug|Any CPU.Build.0 = Debug|Any CPU
		{C348AD1C-E928-4B11-8A88-EFCA70667B1D}.Release|Any CPU.ActiveCfg = Release|Any CPU
		{C348AD1C-E928-4B11-8A88-EFCA70667B1D}.Release|Any CPU.Build.0 = Release|Any CPU
		{764846E9-8133-4CF3-894D-E75F55D58C88}.Debug|Any CPU.ActiveCfg = Debug|Any CPU
		{764846E9-8133-4CF3-894D-E75F55D58C88}.Debug|Any CPU.Build.0 = Debug|Any CPU
		{764846E9-8133-4CF3-894D-E75F55D58C88}.Release|Any CPU.ActiveCfg = Release|Any CPU
		{764846E9-8133-4CF3-894D-E75F55D58C88}.Release|Any CPU.Build.0 = Release|Any CPU
		{0C9D99AE-D0E9-4EB7-9D44-BB05C4DF322D}.Debug|Any CPU.ActiveCfg = Debug|Any CPU
		{0C9D99AE-D0E9-4EB7-9D44-BB05C4DF322D}.Debug|Any CPU.Build.0 = Debug|Any CPU
		{0C9D99AE-D0E9-4EB7-9D44-BB05C4DF322D}.Release|Any CPU.ActiveCfg = Release|Any CPU
		{0C9D99AE-D0E9-4EB7-9D44-BB05C4DF322D}.Release|Any CPU.Build.0 = Release|Any CPU
		{AE43EDA9-52F3-493A-AA14-F10B61B5D6E9}.Debug|Any CPU.ActiveCfg = Debug|Any CPU
		{AE43EDA9-52F3-493A-AA14-F10B61B5D6E9}.Debug|Any CPU.Build.0 = Debug|Any CPU
		{AE43EDA9-52F3-493A-AA14-F10B61B5D6E9}.Release|Any CPU.ActiveCfg = Release|Any CPU
		{AE43EDA9-52F3-493A-AA14-F10B61B5D6E9}.Release|Any CPU.Build.0 = Release|Any CPU
		{11A6283B-88E5-41D9-8177-D84BE0FC3E67}.Debug|Any CPU.ActiveCfg = Debug|Any CPU
		{11A6283B-88E5-41D9-8177-D84BE0FC3E67}.Debug|Any CPU.Build.0 = Debug|Any CPU
		{11A6283B-88E5-41D9-8177-D84BE0FC3E67}.Release|Any CPU.ActiveCfg = Release|Any CPU
		{11A6283B-88E5-41D9-8177-D84BE0FC3E67}.Release|Any CPU.Build.0 = Release|Any CPU
		{7CE22D3C-A2D4-4493-9B29-0822AD23DB9A}.Debug|Any CPU.ActiveCfg = Debug|Any CPU
		{7CE22D3C-A2D4-4493-9B29-0822AD23DB9A}.Debug|Any CPU.Build.0 = Debug|Any CPU
		{7CE22D3C-A2D4-4493-9B29-0822AD23DB9A}.Release|Any CPU.ActiveCfg = Release|Any CPU
		{7CE22D3C-A2D4-4493-9B29-0822AD23DB9A}.Release|Any CPU.Build.0 = Release|Any CPU
	EndGlobalSection
	GlobalSection(SolutionProperties) = preSolution
		HideSolutionNode = FALSE
	EndGlobalSection
	GlobalSection(NestedProjects) = preSolution
		{3A60CB72-4B1F-44E6-9B63-A51589CADE01} = {B2783441-6760-4018-B87E-9F5180C0FAD8}
		{786BE0E2-9DB0-44EF-AA96-51770FDE35DB} = {B2783441-6760-4018-B87E-9F5180C0FAD8}
		{0BBA42D0-0ED7-4AA6-A665-1FBBAF913306} = {7352BC02-DF5F-4F94-BE01-00AD92A346F0}
		{80F4951E-56E4-442F-96BC-53EB9BE70928} = {8525685E-8A1E-417B-96E0-46F4179B8AAA}
		{4B32B982-EB4B-42F4-969A-9D2D8EA23451} = {8525685E-8A1E-417B-96E0-46F4179B8AAA}
		{16D81037-F0D0-4647-BA4E-CA5518F6846D} = {8525685E-8A1E-417B-96E0-46F4179B8AAA}
		{3706F748-43F6-41BD-8875-81FA679220C7} = {C7885592-A4B8-4BA8-8D3A-1EDA4025D17A}
		{C348AD1C-E928-4B11-8A88-EFCA70667B1D} = {C7885592-A4B8-4BA8-8D3A-1EDA4025D17A}
		{764846E9-8133-4CF3-894D-E75F55D58C88} = {C7885592-A4B8-4BA8-8D3A-1EDA4025D17A}
		{0C9D99AE-D0E9-4EB7-9D44-BB05C4DF322D} = {C69B52F5-D857-4FF8-BCDE-D54F3D320CCA}
		{AE43EDA9-52F3-493A-AA14-F10B61B5D6E9} = {8525685E-8A1E-417B-96E0-46F4179B8AAA}
		{11A6283B-88E5-41D9-8177-D84BE0FC3E67} = {C69B52F5-D857-4FF8-BCDE-D54F3D320CCA}
		{8525685E-8A1E-417B-96E0-46F4179B8AAA} = {53D4501E-953C-4A7C-97C4-1F9DE04BD092}
		{C69B52F5-D857-4FF8-BCDE-D54F3D320CCA} = {53D4501E-953C-4A7C-97C4-1F9DE04BD092}
		{7CE22D3C-A2D4-4493-9B29-0822AD23DB9A} = {C69B52F5-D857-4FF8-BCDE-D54F3D320CCA}
		{7352BC02-DF5F-4F94-BE01-00AD92A346F0} = {53D4501E-953C-4A7C-97C4-1F9DE04BD092}
	EndGlobalSection
	GlobalSection(ExtensibilityGlobals) = postSolution
		SolutionGuid = {FF3B5D40-423B-434B-B2AD-610F352A3B26}
	EndGlobalSection
EndGlobal
